// !$*UTF8*$!
{
	archiveVersion = 1;
	classes = {
	};
	objectVersion = 50;
	objects = {

/* Begin PBXBuildFile section */
		4E063B8426B98537008BCDA7 /* HomeShowProfile.swift in Sources */ = {isa = PBXBuildFile; fileRef = 4E063B8326B98537008BCDA7 /* HomeShowProfile.swift */; };
		4E063B8826B985BF008BCDA7 /* HomeShowProfileViewModel.swift in Sources */ = {isa = PBXBuildFile; fileRef = 4E063B8726B985BF008BCDA7 /* HomeShowProfileViewModel.swift */; };
		4E063B8B26B98C00008BCDA7 /* HomeShowProfilePosts.swift in Sources */ = {isa = PBXBuildFile; fileRef = 4E063B8A26B98C00008BCDA7 /* HomeShowProfilePosts.swift */; };
		4E063B8D26B98C92008BCDA7 /* PostModel.swift in Sources */ = {isa = PBXBuildFile; fileRef = 4E063B8C26B98C92008BCDA7 /* PostModel.swift */; };
		4E063B8F26B98CF4008BCDA7 /* PostRowView.swift in Sources */ = {isa = PBXBuildFile; fileRef = 4E063B8E26B98CF4008BCDA7 /* PostRowView.swift */; };
		4E063B9226B98FB6008BCDA7 /* ProfileDetailsView.swift in Sources */ = {isa = PBXBuildFile; fileRef = 4E063B9126B98FB6008BCDA7 /* ProfileDetailsView.swift */; };
		4E0B59D826B7C2FE00639D36 /* HomeLogSign.swift in Sources */ = {isa = PBXBuildFile; fileRef = 4E0B59D726B7C2FE00639D36 /* HomeLogSign.swift */; };
		4E0B59DB26B7C32900639D36 /* HomeLogSignViewModel.swift in Sources */ = {isa = PBXBuildFile; fileRef = 4E0B59DA26B7C32900639D36 /* HomeLogSignViewModel.swift */; };
		4E0B59DE26B7C43C00639D36 /* TFWithBorder.swift in Sources */ = {isa = PBXBuildFile; fileRef = 4E0B59DD26B7C43C00639D36 /* TFWithBorder.swift */; };
		4E0B59E026B7C9E600639D36 /* LoginView.swift in Sources */ = {isa = PBXBuildFile; fileRef = 4E0B59DF26B7C9E600639D36 /* LoginView.swift */; };
		4E0B59E226B7CA3F00639D36 /* SignUpView.swift in Sources */ = {isa = PBXBuildFile; fileRef = 4E0B59E126B7CA3F00639D36 /* SignUpView.swift */; };
		4E10A51E26B9149000504746 /* HomePost.swift in Sources */ = {isa = PBXBuildFile; fileRef = 4E10A51D26B9149000504746 /* HomePost.swift */; };
		4E10A52026B914D500504746 /* HomePostTopView.swift in Sources */ = {isa = PBXBuildFile; fileRef = 4E10A51F26B914D500504746 /* HomePostTopView.swift */; };
		4E10A52326B91A6000504746 /* HomeMessages.swift in Sources */ = {isa = PBXBuildFile; fileRef = 4E10A52226B91A6000504746 /* HomeMessages.swift */; };
		4E10A52526B91A8400504746 /* HomeMessagesViewModel.swift in Sources */ = {isa = PBXBuildFile; fileRef = 4E10A52426B91A8400504746 /* HomeMessagesViewModel.swift */; };
		4E10A52726B91AA500504746 /* MessageModel.swift in Sources */ = {isa = PBXBuildFile; fileRef = 4E10A52626B91AA500504746 /* MessageModel.swift */; };
		4E10A52926B91B7400504746 /* MessageRowView.swift in Sources */ = {isa = PBXBuildFile; fileRef = 4E10A52826B91B7400504746 /* MessageRowView.swift */; };
		4E10A52B26B91B9A00504746 /* HomeMessagesTopView.swift in Sources */ = {isa = PBXBuildFile; fileRef = 4E10A52A26B91B9A00504746 /* HomeMessagesTopView.swift */; };
		4E52ED4426B80205004E0881 /* HomeFavorites.swift in Sources */ = {isa = PBXBuildFile; fileRef = 4E52ED4326B80205004E0881 /* HomeFavorites.swift */; };
		4E52ED4626B80262004E0881 /* HomeFavoritesViewModel.swift in Sources */ = {isa = PBXBuildFile; fileRef = 4E52ED4526B80262004E0881 /* HomeFavoritesViewModel.swift */; };
		4E52ED4826B80287004E0881 /* FavoriteModel.swift in Sources */ = {isa = PBXBuildFile; fileRef = 4E52ED4726B80287004E0881 /* FavoriteModel.swift */; };
		4E52ED4A26B8037C004E0881 /* HomeFavoritesTopView.swift in Sources */ = {isa = PBXBuildFile; fileRef = 4E52ED4926B8037C004E0881 /* HomeFavoritesTopView.swift */; };
		4E52ED4C26B804AC004E0881 /* FavRowView.swift in Sources */ = {isa = PBXBuildFile; fileRef = 4E52ED4B26B804AC004E0881 /* FavRowView.swift */; };
		4E52ED5026B807BE004E0881 /* HomeSettings.swift in Sources */ = {isa = PBXBuildFile; fileRef = 4E52ED4F26B807BE004E0881 /* HomeSettings.swift */; };
		4E52ED5226B80801004E0881 /* HomeSettingsTopView.swift in Sources */ = {isa = PBXBuildFile; fileRef = 4E52ED5126B80801004E0881 /* HomeSettingsTopView.swift */; };
		4E52ED5426B8088F004E0881 /* HomeSettingsRowView.swift in Sources */ = {isa = PBXBuildFile; fileRef = 4E52ED5326B8088F004E0881 /* HomeSettingsRowView.swift */; };
		4E52ED5826B80B8A004E0881 /* CustomCorners.swift in Sources */ = {isa = PBXBuildFile; fileRef = 4E52ED5726B80B8A004E0881 /* CustomCorners.swift */; };
		4E729D8126B7AE3900036056 /* AqarZellosApp.swift in Sources */ = {isa = PBXBuildFile; fileRef = 4E729D8026B7AE3900036056 /* AqarZellosApp.swift */; };
		4E729D8326B7AE3900036056 /* ContentView.swift in Sources */ = {isa = PBXBuildFile; fileRef = 4E729D8226B7AE3900036056 /* ContentView.swift */; };
		4E729D8526B7AE3B00036056 /* Assets.xcassets in Resources */ = {isa = PBXBuildFile; fileRef = 4E729D8426B7AE3B00036056 /* Assets.xcassets */; };
		4E729D8826B7AE3B00036056 /* Preview Assets.xcassets in Resources */ = {isa = PBXBuildFile; fileRef = 4E729D8726B7AE3B00036056 /* Preview Assets.xcassets */; };
		4E729D9726B7AE7D00036056 /* HomeWelcome.swift in Sources */ = {isa = PBXBuildFile; fileRef = 4E729D9626B7AE7D00036056 /* HomeWelcome.swift */; };
		4E729D9926B7AEAA00036056 /* Extensions_ui.swift in Sources */ = {isa = PBXBuildFile; fileRef = 4E729D9826B7AEAA00036056 /* Extensions_ui.swift */; };
		4E729D9B26B7AEBC00036056 /* hideKeyboard.swift in Sources */ = {isa = PBXBuildFile; fileRef = 4E729D9A26B7AEBC00036056 /* hideKeyboard.swift */; };
		4E729D9D26B7AED000036056 /* EX_View.swift in Sources */ = {isa = PBXBuildFile; fileRef = 4E729D9C26B7AED000036056 /* EX_View.swift */; };
		4E729D9F26B7AEE000036056 /* ex_Image.swift in Sources */ = {isa = PBXBuildFile; fileRef = 4E729D9E26B7AEE000036056 /* ex_Image.swift */; };
		4E729DA126B7AF0600036056 /* AppDelegate.swift in Sources */ = {isa = PBXBuildFile; fileRef = 4E729DA026B7AF0600036056 /* AppDelegate.swift */; };
		4E95762826B9070A00A0D8D1 /* Homenotifications.swift in Sources */ = {isa = PBXBuildFile; fileRef = 4E95762726B9070A00A0D8D1 /* Homenotifications.swift */; };
		4E95762A26B9072D00A0D8D1 /* HomenotificationsViewModel.swift in Sources */ = {isa = PBXBuildFile; fileRef = 4E95762926B9072D00A0D8D1 /* HomenotificationsViewModel.swift */; };
		4E95762C26B9074900A0D8D1 /* NotifyModek.swift in Sources */ = {isa = PBXBuildFile; fileRef = 4E95762B26B9074900A0D8D1 /* NotifyModek.swift */; };
		4E95762E26B907C700A0D8D1 /* NotfyRowView.swift in Sources */ = {isa = PBXBuildFile; fileRef = 4E95762D26B907C700A0D8D1 /* NotfyRowView.swift */; };
		4E95763126B9092300A0D8D1 /* HomenotificationsTopView.swift in Sources */ = {isa = PBXBuildFile; fileRef = 4E95763026B9092300A0D8D1 /* HomenotificationsTopView.swift */; };
		4EB65B0F26B9640D00B93DBF /* HomeEdit.swift in Sources */ = {isa = PBXBuildFile; fileRef = 4EB65B0E26B9640D00B93DBF /* HomeEdit.swift */; };
		4EB65B1226B9643200B93DBF /* HomeEditViewModel.swift in Sources */ = {isa = PBXBuildFile; fileRef = 4EB65B1126B9643200B93DBF /* HomeEditViewModel.swift */; };
		4EB65B1426B9645900B93DBF /* HomeEditTopView.swift in Sources */ = {isa = PBXBuildFile; fileRef = 4EB65B1326B9645900B93DBF /* HomeEditTopView.swift */; };
		4EB65B1726B964D000B93DBF /* ProfileImgRowView.swift in Sources */ = {isa = PBXBuildFile; fileRef = 4EB65B1626B964D000B93DBF /* ProfileImgRowView.swift */; };
		4EB65B1926B965C600B93DBF /* ProfileImgCoverRowView.swift in Sources */ = {isa = PBXBuildFile; fileRef = 4EB65B1826B965C600B93DBF /* ProfileImgCoverRowView.swift */; };
		4EB65B1B26B9663000B93DBF /* ProfileMainRowView.swift in Sources */ = {isa = PBXBuildFile; fileRef = 4EB65B1A26B9663000B93DBF /* ProfileMainRowView.swift */; };
		4EB65B1D26B96B9700B93DBF /* SUImagePickerView.swift in Sources */ = {isa = PBXBuildFile; fileRef = 4EB65B1C26B96B9700B93DBF /* SUImagePickerView.swift */; };
		4EBDD35A26BA4A070094DB44 /* HomeFilter.swift in Sources */ = {isa = PBXBuildFile; fileRef = 4EBDD35926BA4A070094DB44 /* HomeFilter.swift */; };
		4EBDD35C26BA4A540094DB44 /* HomeFilterTopView.swift in Sources */ = {isa = PBXBuildFile; fileRef = 4EBDD35B26BA4A540094DB44 /* HomeFilterTopView.swift */; };
		4EBDD36126BA4B3E0094DB44 /* DropdownButton.swift in Sources */ = {isa = PBXBuildFile; fileRef = 4EBDD35E26BA4B3E0094DB44 /* DropdownButton.swift */; };
		4EBDD36226BA4B3E0094DB44 /* DropDownGroup.swift in Sources */ = {isa = PBXBuildFile; fileRef = 4EBDD35F26BA4B3E0094DB44 /* DropDownGroup.swift */; };
		4EBDD36326BA4B3E0094DB44 /* SampleDropDown.swift in Sources */ = {isa = PBXBuildFile; fileRef = 4EBDD36026BA4B3E0094DB44 /* SampleDropDown.swift */; };
		4EBDD36526BA4BBF0094DB44 /* HomeFilterViewModel.swift in Sources */ = {isa = PBXBuildFile; fileRef = 4EBDD36426BA4BBF0094DB44 /* HomeFilterViewModel.swift */; };
		4EBDD36726BA4BDD0094DB44 /* viewModifiers.swift in Sources */ = {isa = PBXBuildFile; fileRef = 4EBDD36626BA4BDD0094DB44 /* viewModifiers.swift */; };
		4EBDD36926BA4DAD0094DB44 /* AddMinusView.swift in Sources */ = {isa = PBXBuildFile; fileRef = 4EBDD36826BA4DAD0094DB44 /* AddMinusView.swift */; };
		4EC4E86926B81DD000832ABF /* HomeHelp.swift in Sources */ = {isa = PBXBuildFile; fileRef = 4EC4E86826B81DD000832ABF /* HomeHelp.swift */; };
		4EC4E86B26B81DFC00832ABF /* HomeHelpTopView.swift in Sources */ = {isa = PBXBuildFile; fileRef = 4EC4E86A26B81DFC00832ABF /* HomeHelpTopView.swift */; };
		4EC4E86D26B8200C00832ABF /* HomeContactUs.swift in Sources */ = {isa = PBXBuildFile; fileRef = 4EC4E86C26B8200C00832ABF /* HomeContactUs.swift */; };
		4EC4E86F26B8204F00832ABF /* HomeContactUsTopView.swift in Sources */ = {isa = PBXBuildFile; fileRef = 4EC4E86E26B8204F00832ABF /* HomeContactUsTopView.swift */; };
		4EC721BA26B7E2ED00AA6B37 /* ForgetView.swift in Sources */ = {isa = PBXBuildFile; fileRef = 4EC721B926B7E2ED00AA6B37 /* ForgetView.swift */; };
		4EC721C426B7E63400AA6B37 /* LoadingCircleGradual.swift in Sources */ = {isa = PBXBuildFile; fileRef = 4EC721BC26B7E63300AA6B37 /* LoadingCircleGradual.swift */; };
		4EC721C526B7E63400AA6B37 /* LoadingCircleFlip.swift in Sources */ = {isa = PBXBuildFile; fileRef = 4EC721BD26B7E63300AA6B37 /* LoadingCircleFlip.swift */; };
		4EC721C626B7E63400AA6B37 /* LoadingView.swift in Sources */ = {isa = PBXBuildFile; fileRef = 4EC721BE26B7E63400AA6B37 /* LoadingView.swift */; };
		4EC721C726B7E63400AA6B37 /* ActivityIndicator.swift in Sources */ = {isa = PBXBuildFile; fileRef = 4EC721BF26B7E63400AA6B37 /* ActivityIndicator.swift */; };
		4EC721C826B7E63400AA6B37 /* LoadingCircleColors.swift in Sources */ = {isa = PBXBuildFile; fileRef = 4EC721C026B7E63400AA6B37 /* LoadingCircleColors.swift */; };
		4EC721C926B7E63400AA6B37 /* LoadingCircleOpacity.swift in Sources */ = {isa = PBXBuildFile; fileRef = 4EC721C126B7E63400AA6B37 /* LoadingCircleOpacity.swift */; };
		4EC721CA26B7E63400AA6B37 /* LoadingCapsuleSpacing.swift in Sources */ = {isa = PBXBuildFile; fileRef = 4EC721C226B7E63400AA6B37 /* LoadingCapsuleSpacing.swift */; };
		4EC721CB26B7E63400AA6B37 /* LoadingCubeOffset.swift in Sources */ = {isa = PBXBuildFile; fileRef = 4EC721C326B7E63400AA6B37 /* LoadingCubeOffset.swift */; };
		4EF1CAE226B94E8C007A9DC6 /* ChatBoxMessagesView.swift in Sources */ = {isa = PBXBuildFile; fileRef = 4EF1CAE126B94E8C007A9DC6 /* ChatBoxMessagesView.swift */; };
		4EF1CAE426B94F3D007A9DC6 /* DynamicHeightTextField.swift in Sources */ = {isa = PBXBuildFile; fileRef = 4EF1CAE326B94F3D007A9DC6 /* DynamicHeightTextField.swift */; };
		4EF1CAE626B94F7E007A9DC6 /* KeyboardEmojiView.swift in Sources */ = {isa = PBXBuildFile; fileRef = 4EF1CAE526B94F7E007A9DC6 /* KeyboardEmojiView.swift */; };
		4EF1CAE826B94FA1007A9DC6 /* SecondAdaptsToSoftwareKeyboard.swift in Sources */ = {isa = PBXBuildFile; fileRef = 4EF1CAE726B94FA1007A9DC6 /* SecondAdaptsToSoftwareKeyboard.swift */; };
		4EF1CAEA26B956F6007A9DC6 /* SHomeChat.swift in Sources */ = {isa = PBXBuildFile; fileRef = 4EF1CAE926B956F6007A9DC6 /* SHomeChat.swift */; };
		4EF4848B26B930B9006747AD /* HomeChat.swift in Sources */ = {isa = PBXBuildFile; fileRef = 4EF4848A26B930B9006747AD /* HomeChat.swift */; };
		4EF4848D26B930D8006747AD /* HomeChatViewModel.swift in Sources */ = {isa = PBXBuildFile; fileRef = 4EF4848C26B930D8006747AD /* HomeChatViewModel.swift */; };
		4EF4848F26B93152006747AD /* HomeChatTopView.swift in Sources */ = {isa = PBXBuildFile; fileRef = 4EF4848E26B93152006747AD /* HomeChatTopView.swift */; };
		4EF4849226B9320D006747AD /* ChatBubble.swift in Sources */ = {isa = PBXBuildFile; fileRef = 4EF4849126B9320D006747AD /* ChatBubble.swift */; };
		4EF4849426B932C4006747AD /* BubbleArrow.swift in Sources */ = {isa = PBXBuildFile; fileRef = 4EF4849326B932C4006747AD /* BubbleArrow.swift */; };
/* End PBXBuildFile section */

/* Begin PBXFileReference section */
		4E063B8326B98537008BCDA7 /* HomeShowProfile.swift */ = {isa = PBXFileReference; lastKnownFileType = sourcecode.swift; path = HomeShowProfile.swift; sourceTree = "<group>"; };
		4E063B8726B985BF008BCDA7 /* HomeShowProfileViewModel.swift */ = {isa = PBXFileReference; lastKnownFileType = sourcecode.swift; path = HomeShowProfileViewModel.swift; sourceTree = "<group>"; };
		4E063B8A26B98C00008BCDA7 /* HomeShowProfilePosts.swift */ = {isa = PBXFileReference; lastKnownFileType = sourcecode.swift; path = HomeShowProfilePosts.swift; sourceTree = "<group>"; };
		4E063B8C26B98C92008BCDA7 /* PostModel.swift */ = {isa = PBXFileReference; lastKnownFileType = sourcecode.swift; path = PostModel.swift; sourceTree = "<group>"; };
		4E063B8E26B98CF4008BCDA7 /* PostRowView.swift */ = {isa = PBXFileReference; lastKnownFileType = sourcecode.swift; path = PostRowView.swift; sourceTree = "<group>"; };
		4E063B9126B98FB6008BCDA7 /* ProfileDetailsView.swift */ = {isa = PBXFileReference; lastKnownFileType = sourcecode.swift; path = ProfileDetailsView.swift; sourceTree = "<group>"; };
		4E0B59D726B7C2FE00639D36 /* HomeLogSign.swift */ = {isa = PBXFileReference; lastKnownFileType = sourcecode.swift; path = HomeLogSign.swift; sourceTree = "<group>"; };
		4E0B59DA26B7C32900639D36 /* HomeLogSignViewModel.swift */ = {isa = PBXFileReference; lastKnownFileType = sourcecode.swift; path = HomeLogSignViewModel.swift; sourceTree = "<group>"; };
		4E0B59DD26B7C43C00639D36 /* TFWithBorder.swift */ = {isa = PBXFileReference; lastKnownFileType = sourcecode.swift; path = TFWithBorder.swift; sourceTree = "<group>"; };
		4E0B59DF26B7C9E600639D36 /* LoginView.swift */ = {isa = PBXFileReference; lastKnownFileType = sourcecode.swift; path = LoginView.swift; sourceTree = "<group>"; };
		4E0B59E126B7CA3F00639D36 /* SignUpView.swift */ = {isa = PBXFileReference; lastKnownFileType = sourcecode.swift; path = SignUpView.swift; sourceTree = "<group>"; };
		4E10A51D26B9149000504746 /* HomePost.swift */ = {isa = PBXFileReference; lastKnownFileType = sourcecode.swift; path = HomePost.swift; sourceTree = "<group>"; };
		4E10A51F26B914D500504746 /* HomePostTopView.swift */ = {isa = PBXFileReference; lastKnownFileType = sourcecode.swift; path = HomePostTopView.swift; sourceTree = "<group>"; };
		4E10A52226B91A6000504746 /* HomeMessages.swift */ = {isa = PBXFileReference; lastKnownFileType = sourcecode.swift; path = HomeMessages.swift; sourceTree = "<group>"; };
		4E10A52426B91A8400504746 /* HomeMessagesViewModel.swift */ = {isa = PBXFileReference; lastKnownFileType = sourcecode.swift; path = HomeMessagesViewModel.swift; sourceTree = "<group>"; };
		4E10A52626B91AA500504746 /* MessageModel.swift */ = {isa = PBXFileReference; lastKnownFileType = sourcecode.swift; path = MessageModel.swift; sourceTree = "<group>"; };
		4E10A52826B91B7400504746 /* MessageRowView.swift */ = {isa = PBXFileReference; lastKnownFileType = sourcecode.swift; path = MessageRowView.swift; sourceTree = "<group>"; };
		4E10A52A26B91B9A00504746 /* HomeMessagesTopView.swift */ = {isa = PBXFileReference; lastKnownFileType = sourcecode.swift; path = HomeMessagesTopView.swift; sourceTree = "<group>"; };
		4E52ED4326B80205004E0881 /* HomeFavorites.swift */ = {isa = PBXFileReference; lastKnownFileType = sourcecode.swift; path = HomeFavorites.swift; sourceTree = "<group>"; };
		4E52ED4526B80262004E0881 /* HomeFavoritesViewModel.swift */ = {isa = PBXFileReference; lastKnownFileType = sourcecode.swift; path = HomeFavoritesViewModel.swift; sourceTree = "<group>"; };
		4E52ED4726B80287004E0881 /* FavoriteModel.swift */ = {isa = PBXFileReference; lastKnownFileType = sourcecode.swift; path = FavoriteModel.swift; sourceTree = "<group>"; };
		4E52ED4926B8037C004E0881 /* HomeFavoritesTopView.swift */ = {isa = PBXFileReference; lastKnownFileType = sourcecode.swift; path = HomeFavoritesTopView.swift; sourceTree = "<group>"; };
		4E52ED4B26B804AC004E0881 /* FavRowView.swift */ = {isa = PBXFileReference; lastKnownFileType = sourcecode.swift; path = FavRowView.swift; sourceTree = "<group>"; };
		4E52ED4F26B807BE004E0881 /* HomeSettings.swift */ = {isa = PBXFileReference; lastKnownFileType = sourcecode.swift; path = HomeSettings.swift; sourceTree = "<group>"; };
		4E52ED5126B80801004E0881 /* HomeSettingsTopView.swift */ = {isa = PBXFileReference; lastKnownFileType = sourcecode.swift; path = HomeSettingsTopView.swift; sourceTree = "<group>"; };
		4E52ED5326B8088F004E0881 /* HomeSettingsRowView.swift */ = {isa = PBXFileReference; lastKnownFileType = sourcecode.swift; path = HomeSettingsRowView.swift; sourceTree = "<group>"; };
		4E52ED5726B80B8A004E0881 /* CustomCorners.swift */ = {isa = PBXFileReference; lastKnownFileType = sourcecode.swift; path = CustomCorners.swift; sourceTree = "<group>"; };
		4E729D7D26B7AE3900036056 /* AqarZellos.app */ = {isa = PBXFileReference; explicitFileType = wrapper.application; includeInIndex = 0; path = AqarZellos.app; sourceTree = BUILT_PRODUCTS_DIR; };
		4E729D8026B7AE3900036056 /* AqarZellosApp.swift */ = {isa = PBXFileReference; lastKnownFileType = sourcecode.swift; path = AqarZellosApp.swift; sourceTree = "<group>"; };
		4E729D8226B7AE3900036056 /* ContentView.swift */ = {isa = PBXFileReference; lastKnownFileType = sourcecode.swift; path = ContentView.swift; sourceTree = "<group>"; };
		4E729D8426B7AE3B00036056 /* Assets.xcassets */ = {isa = PBXFileReference; lastKnownFileType = folder.assetcatalog; path = Assets.xcassets; sourceTree = "<group>"; };
		4E729D8726B7AE3B00036056 /* Preview Assets.xcassets */ = {isa = PBXFileReference; lastKnownFileType = folder.assetcatalog; path = "Preview Assets.xcassets"; sourceTree = "<group>"; };
		4E729D8926B7AE3B00036056 /* Info.plist */ = {isa = PBXFileReference; lastKnownFileType = text.plist.xml; path = Info.plist; sourceTree = "<group>"; };
		4E729D9626B7AE7D00036056 /* HomeWelcome.swift */ = {isa = PBXFileReference; lastKnownFileType = sourcecode.swift; path = HomeWelcome.swift; sourceTree = "<group>"; };
		4E729D9826B7AEAA00036056 /* Extensions_ui.swift */ = {isa = PBXFileReference; lastKnownFileType = sourcecode.swift; path = Extensions_ui.swift; sourceTree = "<group>"; };
		4E729D9A26B7AEBC00036056 /* hideKeyboard.swift */ = {isa = PBXFileReference; lastKnownFileType = sourcecode.swift; path = hideKeyboard.swift; sourceTree = "<group>"; };
		4E729D9C26B7AED000036056 /* EX_View.swift */ = {isa = PBXFileReference; lastKnownFileType = sourcecode.swift; path = EX_View.swift; sourceTree = "<group>"; };
		4E729D9E26B7AEE000036056 /* ex_Image.swift */ = {isa = PBXFileReference; lastKnownFileType = sourcecode.swift; path = ex_Image.swift; sourceTree = "<group>"; };
		4E729DA026B7AF0600036056 /* AppDelegate.swift */ = {isa = PBXFileReference; lastKnownFileType = sourcecode.swift; path = AppDelegate.swift; sourceTree = "<group>"; };
		4E95762726B9070A00A0D8D1 /* Homenotifications.swift */ = {isa = PBXFileReference; lastKnownFileType = sourcecode.swift; path = Homenotifications.swift; sourceTree = "<group>"; };
		4E95762926B9072D00A0D8D1 /* HomenotificationsViewModel.swift */ = {isa = PBXFileReference; lastKnownFileType = sourcecode.swift; path = HomenotificationsViewModel.swift; sourceTree = "<group>"; };
		4E95762B26B9074900A0D8D1 /* NotifyModek.swift */ = {isa = PBXFileReference; lastKnownFileType = sourcecode.swift; path = NotifyModek.swift; sourceTree = "<group>"; };
		4E95762D26B907C700A0D8D1 /* NotfyRowView.swift */ = {isa = PBXFileReference; lastKnownFileType = sourcecode.swift; path = NotfyRowView.swift; sourceTree = "<group>"; };
		4E95763026B9092300A0D8D1 /* HomenotificationsTopView.swift */ = {isa = PBXFileReference; lastKnownFileType = sourcecode.swift; path = HomenotificationsTopView.swift; sourceTree = "<group>"; };
		4EB65B0E26B9640D00B93DBF /* HomeEdit.swift */ = {isa = PBXFileReference; lastKnownFileType = sourcecode.swift; path = HomeEdit.swift; sourceTree = "<group>"; };
		4EB65B1126B9643200B93DBF /* HomeEditViewModel.swift */ = {isa = PBXFileReference; lastKnownFileType = sourcecode.swift; path = HomeEditViewModel.swift; sourceTree = "<group>"; };
		4EB65B1326B9645900B93DBF /* HomeEditTopView.swift */ = {isa = PBXFileReference; lastKnownFileType = sourcecode.swift; path = HomeEditTopView.swift; sourceTree = "<group>"; };
		4EB65B1626B964D000B93DBF /* ProfileImgRowView.swift */ = {isa = PBXFileReference; lastKnownFileType = sourcecode.swift; path = ProfileImgRowView.swift; sourceTree = "<group>"; };
		4EB65B1826B965C600B93DBF /* ProfileImgCoverRowView.swift */ = {isa = PBXFileReference; lastKnownFileType = sourcecode.swift; path = ProfileImgCoverRowView.swift; sourceTree = "<group>"; };
		4EB65B1A26B9663000B93DBF /* ProfileMainRowView.swift */ = {isa = PBXFileReference; lastKnownFileType = sourcecode.swift; path = ProfileMainRowView.swift; sourceTree = "<group>"; };
		4EB65B1C26B96B9700B93DBF /* SUImagePickerView.swift */ = {isa = PBXFileReference; lastKnownFileType = sourcecode.swift; path = SUImagePickerView.swift; sourceTree = "<group>"; };
		4EBDD35926BA4A070094DB44 /* HomeFilter.swift */ = {isa = PBXFileReference; lastKnownFileType = sourcecode.swift; path = HomeFilter.swift; sourceTree = "<group>"; };
		4EBDD35B26BA4A540094DB44 /* HomeFilterTopView.swift */ = {isa = PBXFileReference; lastKnownFileType = sourcecode.swift; path = HomeFilterTopView.swift; sourceTree = "<group>"; };
		4EBDD35E26BA4B3E0094DB44 /* DropdownButton.swift */ = {isa = PBXFileReference; fileEncoding = 4; lastKnownFileType = sourcecode.swift; path = DropdownButton.swift; sourceTree = "<group>"; };
		4EBDD35F26BA4B3E0094DB44 /* DropDownGroup.swift */ = {isa = PBXFileReference; fileEncoding = 4; lastKnownFileType = sourcecode.swift; path = DropDownGroup.swift; sourceTree = "<group>"; };
		4EBDD36026BA4B3E0094DB44 /* SampleDropDown.swift */ = {isa = PBXFileReference; fileEncoding = 4; lastKnownFileType = sourcecode.swift; path = SampleDropDown.swift; sourceTree = "<group>"; };
		4EBDD36426BA4BBF0094DB44 /* HomeFilterViewModel.swift */ = {isa = PBXFileReference; lastKnownFileType = sourcecode.swift; path = HomeFilterViewModel.swift; sourceTree = "<group>"; };
		4EBDD36626BA4BDD0094DB44 /* viewModifiers.swift */ = {isa = PBXFileReference; lastKnownFileType = sourcecode.swift; path = viewModifiers.swift; sourceTree = "<group>"; };
		4EBDD36826BA4DAD0094DB44 /* AddMinusView.swift */ = {isa = PBXFileReference; lastKnownFileType = sourcecode.swift; path = AddMinusView.swift; sourceTree = "<group>"; };
		4EC4E86826B81DD000832ABF /* HomeHelp.swift */ = {isa = PBXFileReference; lastKnownFileType = sourcecode.swift; path = HomeHelp.swift; sourceTree = "<group>"; };
		4EC4E86A26B81DFC00832ABF /* HomeHelpTopView.swift */ = {isa = PBXFileReference; lastKnownFileType = sourcecode.swift; path = HomeHelpTopView.swift; sourceTree = "<group>"; };
		4EC4E86C26B8200C00832ABF /* HomeContactUs.swift */ = {isa = PBXFileReference; lastKnownFileType = sourcecode.swift; path = HomeContactUs.swift; sourceTree = "<group>"; };
		4EC4E86E26B8204F00832ABF /* HomeContactUsTopView.swift */ = {isa = PBXFileReference; lastKnownFileType = sourcecode.swift; path = HomeContactUsTopView.swift; sourceTree = "<group>"; };
		4EC721B926B7E2ED00AA6B37 /* ForgetView.swift */ = {isa = PBXFileReference; lastKnownFileType = sourcecode.swift; path = ForgetView.swift; sourceTree = "<group>"; };
		4EC721BC26B7E63300AA6B37 /* LoadingCircleGradual.swift */ = {isa = PBXFileReference; fileEncoding = 4; lastKnownFileType = sourcecode.swift; path = LoadingCircleGradual.swift; sourceTree = "<group>"; };
		4EC721BD26B7E63300AA6B37 /* LoadingCircleFlip.swift */ = {isa = PBXFileReference; fileEncoding = 4; lastKnownFileType = sourcecode.swift; path = LoadingCircleFlip.swift; sourceTree = "<group>"; };
		4EC721BE26B7E63400AA6B37 /* LoadingView.swift */ = {isa = PBXFileReference; fileEncoding = 4; lastKnownFileType = sourcecode.swift; path = LoadingView.swift; sourceTree = "<group>"; };
		4EC721BF26B7E63400AA6B37 /* ActivityIndicator.swift */ = {isa = PBXFileReference; fileEncoding = 4; lastKnownFileType = sourcecode.swift; path = ActivityIndicator.swift; sourceTree = "<group>"; };
		4EC721C026B7E63400AA6B37 /* LoadingCircleColors.swift */ = {isa = PBXFileReference; fileEncoding = 4; lastKnownFileType = sourcecode.swift; path = LoadingCircleColors.swift; sourceTree = "<group>"; };
		4EC721C126B7E63400AA6B37 /* LoadingCircleOpacity.swift */ = {isa = PBXFileReference; fileEncoding = 4; lastKnownFileType = sourcecode.swift; path = LoadingCircleOpacity.swift; sourceTree = "<group>"; };
		4EC721C226B7E63400AA6B37 /* LoadingCapsuleSpacing.swift */ = {isa = PBXFileReference; fileEncoding = 4; lastKnownFileType = sourcecode.swift; path = LoadingCapsuleSpacing.swift; sourceTree = "<group>"; };
		4EC721C326B7E63400AA6B37 /* LoadingCubeOffset.swift */ = {isa = PBXFileReference; fileEncoding = 4; lastKnownFileType = sourcecode.swift; path = LoadingCubeOffset.swift; sourceTree = "<group>"; };
		4EF1CAE126B94E8C007A9DC6 /* ChatBoxMessagesView.swift */ = {isa = PBXFileReference; lastKnownFileType = sourcecode.swift; path = ChatBoxMessagesView.swift; sourceTree = "<group>"; };
		4EF1CAE326B94F3D007A9DC6 /* DynamicHeightTextField.swift */ = {isa = PBXFileReference; lastKnownFileType = sourcecode.swift; path = DynamicHeightTextField.swift; sourceTree = "<group>"; };
		4EF1CAE526B94F7E007A9DC6 /* KeyboardEmojiView.swift */ = {isa = PBXFileReference; lastKnownFileType = sourcecode.swift; path = KeyboardEmojiView.swift; sourceTree = "<group>"; };
		4EF1CAE726B94FA1007A9DC6 /* SecondAdaptsToSoftwareKeyboard.swift */ = {isa = PBXFileReference; lastKnownFileType = sourcecode.swift; path = SecondAdaptsToSoftwareKeyboard.swift; sourceTree = "<group>"; };
		4EF1CAE926B956F6007A9DC6 /* SHomeChat.swift */ = {isa = PBXFileReference; lastKnownFileType = sourcecode.swift; path = SHomeChat.swift; sourceTree = "<group>"; };
		4EF4848A26B930B9006747AD /* HomeChat.swift */ = {isa = PBXFileReference; lastKnownFileType = sourcecode.swift; path = HomeChat.swift; sourceTree = "<group>"; };
		4EF4848C26B930D8006747AD /* HomeChatViewModel.swift */ = {isa = PBXFileReference; lastKnownFileType = sourcecode.swift; path = HomeChatViewModel.swift; sourceTree = "<group>"; };
		4EF4848E26B93152006747AD /* HomeChatTopView.swift */ = {isa = PBXFileReference; lastKnownFileType = sourcecode.swift; path = HomeChatTopView.swift; sourceTree = "<group>"; };
		4EF4849126B9320D006747AD /* ChatBubble.swift */ = {isa = PBXFileReference; lastKnownFileType = sourcecode.swift; path = ChatBubble.swift; sourceTree = "<group>"; };
		4EF4849326B932C4006747AD /* BubbleArrow.swift */ = {isa = PBXFileReference; lastKnownFileType = sourcecode.swift; path = BubbleArrow.swift; sourceTree = "<group>"; };
/* End PBXFileReference section */

/* Begin PBXFrameworksBuildPhase section */
		4E729D7A26B7AE3900036056 /* Frameworks */ = {
			isa = PBXFrameworksBuildPhase;
			buildActionMask = 2147483647;
			files = (
			);
			runOnlyForDeploymentPostprocessing = 0;
		};
/* End PBXFrameworksBuildPhase section */

/* Begin PBXGroup section */
		4E063B8126B984F5008BCDA7 /* edit */ = {
			isa = PBXGroup;
			children = (
				4EB65B0E26B9640D00B93DBF /* HomeEdit.swift */,
			);
			path = edit;
			sourceTree = "<group>";
		};
		4E063B8226B9851C008BCDA7 /* edit */ = {
			isa = PBXGroup;
			children = (
				4EB65B1626B964D000B93DBF /* ProfileImgRowView.swift */,
				4EB65B1826B965C600B93DBF /* ProfileImgCoverRowView.swift */,
				4EB65B1A26B9663000B93DBF /* ProfileMainRowView.swift */,
				4EB65B1C26B96B9700B93DBF /* SUImagePickerView.swift */,
			);
			path = edit;
			sourceTree = "<group>";
		};
		4E063B8526B98556008BCDA7 /* show */ = {
			isa = PBXGroup;
			children = (
			);
			path = show;
			sourceTree = "<group>";
		};
		4E063B8626B98574008BCDA7 /* show */ = {
			isa = PBXGroup;
			children = (
			);
			path = show;
			sourceTree = "<group>";
		};
		4E063B8926B98BF7008BCDA7 /* posts */ = {
			isa = PBXGroup;
			children = (
				4E063B8A26B98C00008BCDA7 /* HomeShowProfilePosts.swift */,
				4E063B8E26B98CF4008BCDA7 /* PostRowView.swift */,
			);
			path = posts;
			sourceTree = "<group>";
		};
		4E063B9026B98F8C008BCDA7 /* show profile */ = {
			isa = PBXGroup;
			children = (
				4E063B8326B98537008BCDA7 /* HomeShowProfile.swift */,
				4E063B8926B98BF7008BCDA7 /* posts */,
				4E063B9126B98FB6008BCDA7 /* ProfileDetailsView.swift */,
			);
			path = "show profile";
			sourceTree = "<group>";
		};
		4E0B59D926B7C31B00639D36 /* reg */ = {
			isa = PBXGroup;
			children = (
				4E0B59DA26B7C32900639D36 /* HomeLogSignViewModel.swift */,
			);
			path = reg;
			sourceTree = "<group>";
		};
		4E0B59DC26B7C42300639D36 /* custom */ = {
			isa = PBXGroup;
			children = (
				4EBDD35D26BA4B310094DB44 /* dropdown */,
				4EC721BB26B7E5E700AA6B37 /* loodingview */,
				4E0B59DD26B7C43C00639D36 /* TFWithBorder.swift */,
				4E52ED5726B80B8A004E0881 /* CustomCorners.swift */,
				4EBDD36626BA4BDD0094DB44 /* viewModifiers.swift */,
			);
			path = custom;
			sourceTree = "<group>";
		};
		4E10A51B26B9147C00504746 /* Post */ = {
			isa = PBXGroup;
			children = (
				4E10A51D26B9149000504746 /* HomePost.swift */,
				4E10A51F26B914D500504746 /* HomePostTopView.swift */,
			);
			path = Post;
			sourceTree = "<group>";
		};
		4E10A51C26B9148400504746 /* Post */ = {
			isa = PBXGroup;
			children = (
			);
			path = Post;
			sourceTree = "<group>";
		};
		4E10A52126B91A5600504746 /* Messages */ = {
			isa = PBXGroup;
			children = (
				4E10A52226B91A6000504746 /* HomeMessages.swift */,
			);
			path = Messages;
			sourceTree = "<group>";
		};
		4E52ED4126B801E7004E0881 /* favorites */ = {
			isa = PBXGroup;
			children = (
				4E52ED4326B80205004E0881 /* HomeFavorites.swift */,
				4E52ED4926B8037C004E0881 /* HomeFavoritesTopView.swift */,
			);
			path = favorites;
			sourceTree = "<group>";
		};
		4E52ED4226B801F4004E0881 /* favorites */ = {
			isa = PBXGroup;
			children = (
				4E52ED4B26B804AC004E0881 /* FavRowView.swift */,
			);
			path = favorites;
			sourceTree = "<group>";
		};
		4E52ED4D26B807AC004E0881 /* Settings */ = {
			isa = PBXGroup;
			children = (
				4E95762526B906EE00A0D8D1 /* notifications */,
				4EC4E86726B81DC500832ABF /* help */,
				4E52ED4F26B807BE004E0881 /* HomeSettings.swift */,
				4EC4E87026B8205B00832ABF /* contacts */,
			);
			path = Settings;
			sourceTree = "<group>";
		};
		4E52ED4E26B807B6004E0881 /* Settings */ = {
			isa = PBXGroup;
			children = (
				4E95762626B906FE00A0D8D1 /* notifications */,
				4E52ED4226B801F4004E0881 /* favorites */,
				4E52ED5326B8088F004E0881 /* HomeSettingsRowView.swift */,
				4E52ED5126B80801004E0881 /* HomeSettingsTopView.swift */,
				4E95762F26B9091300A0D8D1 /* notififcation */,
			);
			path = Settings;
			sourceTree = "<group>";
		};
		4E729D7426B7AE3900036056 = {
			isa = PBXGroup;
			children = (
				4E729D7F26B7AE3900036056 /* AqarZellos */,
				4E729D7E26B7AE3900036056 /* Products */,
			);
			sourceTree = "<group>";
		};
		4E729D7E26B7AE3900036056 /* Products */ = {
			isa = PBXGroup;
			children = (
				4E729D7D26B7AE3900036056 /* AqarZellos.app */,
			);
			name = Products;
			sourceTree = "<group>";
		};
		4E729D7F26B7AE3900036056 /* AqarZellos */ = {
			isa = PBXGroup;
			children = (
				4E729D8026B7AE3900036056 /* AqarZellosApp.swift */,
				4E729D9326B7AE5700036056 /* helpers */,
				4E729D9226B7AE4F00036056 /* wiewmodel */,
				4E729D9126B7AE4C00036056 /* model */,
				4E729D9026B7AE4900036056 /* view */,
				4E729D8F26B7AE4200036056 /* scenes */,
				4E729D8426B7AE3B00036056 /* Assets.xcassets */,
				4E729D8926B7AE3B00036056 /* Info.plist */,
				4E729D8626B7AE3B00036056 /* Preview Content */,
			);
			path = AqarZellos;
			sourceTree = "<group>";
		};
		4E729D8626B7AE3B00036056 /* Preview Content */ = {
			isa = PBXGroup;
			children = (
				4E729D8726B7AE3B00036056 /* Preview Assets.xcassets */,
			);
			path = "Preview Content";
			sourceTree = "<group>";
		};
		4E729D8F26B7AE4200036056 /* scenes */ = {
			isa = PBXGroup;
			children = (
				4EBDD35726BA49F40094DB44 /* filter */,
				4EB65B0D26B9640300B93DBF /* profile */,
				4EF4848926B930AE006747AD /* chat */,
				4E10A52126B91A5600504746 /* Messages */,
				4E10A51B26B9147C00504746 /* Post */,
				4E52ED4D26B807AC004E0881 /* Settings */,
				4E52ED4126B801E7004E0881 /* favorites */,
				4E729D9426B7AE6B00036056 /* reg */,
				4E729D8226B7AE3900036056 /* ContentView.swift */,
			);
			path = scenes;
			sourceTree = "<group>";
		};
		4E729D9026B7AE4900036056 /* view */ = {
			isa = PBXGroup;
			children = (
				4EBDD35826BA49FB0094DB44 /* filter */,
				4EB65B1526B964BA00B93DBF /* profile */,
				4EF4849026B93208006747AD /* chat */,
				4EF4848826B930A5006747AD /* Messages */,
				4E10A51C26B9148400504746 /* Post */,
				4E52ED4E26B807B6004E0881 /* Settings */,
				4E0B59DC26B7C42300639D36 /* custom */,
				4E729D9526B7AE7000036056 /* reg */,
			);
			path = view;
			sourceTree = "<group>";
		};
		4E729D9126B7AE4C00036056 /* model */ = {
			isa = PBXGroup;
			children = (
				4E52ED4726B80287004E0881 /* FavoriteModel.swift */,
				4E95762B26B9074900A0D8D1 /* NotifyModek.swift */,
				4E10A52626B91AA500504746 /* MessageModel.swift */,
				4E063B8C26B98C92008BCDA7 /* PostModel.swift */,
			);
			path = model;
			sourceTree = "<group>";
		};
		4E729D9226B7AE4F00036056 /* wiewmodel */ = {
			isa = PBXGroup;
			children = (
				4EB65B1026B9642B00B93DBF /* profile */,
				4E0B59D926B7C31B00639D36 /* reg */,
				4E52ED4526B80262004E0881 /* HomeFavoritesViewModel.swift */,
				4E95762926B9072D00A0D8D1 /* HomenotificationsViewModel.swift */,
				4E10A52426B91A8400504746 /* HomeMessagesViewModel.swift */,
				4EF4848C26B930D8006747AD /* HomeChatViewModel.swift */,
				4EBDD36426BA4BBF0094DB44 /* HomeFilterViewModel.swift */,
			);
			path = wiewmodel;
			sourceTree = "<group>";
		};
		4E729D9326B7AE5700036056 /* helpers */ = {
			isa = PBXGroup;
			children = (
				4E729D9826B7AEAA00036056 /* Extensions_ui.swift */,
				4E729D9A26B7AEBC00036056 /* hideKeyboard.swift */,
				4E729D9C26B7AED000036056 /* EX_View.swift */,
				4E729D9E26B7AEE000036056 /* ex_Image.swift */,
				4E729DA026B7AF0600036056 /* AppDelegate.swift */,
			);
			path = helpers;
			sourceTree = "<group>";
		};
		4E729D9426B7AE6B00036056 /* reg */ = {
			isa = PBXGroup;
			children = (
				4E729D9626B7AE7D00036056 /* HomeWelcome.swift */,
				4E0B59D726B7C2FE00639D36 /* HomeLogSign.swift */,
			);
			path = reg;
			sourceTree = "<group>";
		};
		4E729D9526B7AE7000036056 /* reg */ = {
			isa = PBXGroup;
			children = (
				4E0B59DF26B7C9E600639D36 /* LoginView.swift */,
				4E0B59E126B7CA3F00639D36 /* SignUpView.swift */,
				4EC721B926B7E2ED00AA6B37 /* ForgetView.swift */,
			);
			path = reg;
			sourceTree = "<group>";
		};
		4E95762526B906EE00A0D8D1 /* notifications */ = {
			isa = PBXGroup;
			children = (
				4E95762726B9070A00A0D8D1 /* Homenotifications.swift */,
			);
			path = notifications;
			sourceTree = "<group>";
		};
		4E95762626B906FE00A0D8D1 /* notifications */ = {
			isa = PBXGroup;
			children = (
			);
			path = notifications;
			sourceTree = "<group>";
		};
		4E95762F26B9091300A0D8D1 /* notififcation */ = {
			isa = PBXGroup;
			children = (
				4E95762D26B907C700A0D8D1 /* NotfyRowView.swift */,
				4E95763026B9092300A0D8D1 /* HomenotificationsTopView.swift */,
			);
			path = notififcation;
			sourceTree = "<group>";
		};
		4EB65B0D26B9640300B93DBF /* profile */ = {
			isa = PBXGroup;
			children = (
				4E063B9026B98F8C008BCDA7 /* show profile */,
				4E063B8526B98556008BCDA7 /* show */,
				4E063B8126B984F5008BCDA7 /* edit */,
			);
			path = profile;
			sourceTree = "<group>";
		};
		4EB65B1026B9642B00B93DBF /* profile */ = {
			isa = PBXGroup;
			children = (
				4EB65B1126B9643200B93DBF /* HomeEditViewModel.swift */,
				4E063B8726B985BF008BCDA7 /* HomeShowProfileViewModel.swift */,
			);
			path = profile;
			sourceTree = "<group>";
		};
		4EB65B1526B964BA00B93DBF /* profile */ = {
			isa = PBXGroup;
			children = (
				4E063B8626B98574008BCDA7 /* show */,
				4E063B8226B9851C008BCDA7 /* edit */,
				4EB65B1326B9645900B93DBF /* HomeEditTopView.swift */,
			);
			path = profile;
			sourceTree = "<group>";
		};
		4EBDD35726BA49F40094DB44 /* filter */ = {
			isa = PBXGroup;
			children = (
				4EBDD35926BA4A070094DB44 /* HomeFilter.swift */,
				4EBDD35B26BA4A540094DB44 /* HomeFilterTopView.swift */,
			);
			path = filter;
			sourceTree = "<group>";
		};
		4EBDD35826BA49FB0094DB44 /* filter */ = {
			isa = PBXGroup;
			children = (
				4EBDD36826BA4DAD0094DB44 /* AddMinusView.swift */,
			);
			path = filter;
			sourceTree = "<group>";
		};
		4EBDD35D26BA4B310094DB44 /* dropdown */ = {
			isa = PBXGroup;
			children = (
				4EBDD35E26BA4B3E0094DB44 /* DropdownButton.swift */,
				4EBDD35F26BA4B3E0094DB44 /* DropDownGroup.swift */,
				4EBDD36026BA4B3E0094DB44 /* SampleDropDown.swift */,
			);
			path = dropdown;
			sourceTree = "<group>";
		};
		4EC4E86726B81DC500832ABF /* help */ = {
			isa = PBXGroup;
			children = (
				4EC4E86826B81DD000832ABF /* HomeHelp.swift */,
				4EC4E86A26B81DFC00832ABF /* HomeHelpTopView.swift */,
			);
			path = help;
			sourceTree = "<group>";
		};
		4EC4E87026B8205B00832ABF /* contacts */ = {
			isa = PBXGroup;
			children = (
				4EC4E86C26B8200C00832ABF /* HomeContactUs.swift */,
				4EC4E86E26B8204F00832ABF /* HomeContactUsTopView.swift */,
			);
			path = contacts;
			sourceTree = "<group>";
		};
		4EC721BB26B7E5E700AA6B37 /* loodingview */ = {
			isa = PBXGroup;
			children = (
				4EC721BF26B7E63400AA6B37 /* ActivityIndicator.swift */,
				4EC721C226B7E63400AA6B37 /* LoadingCapsuleSpacing.swift */,
				4EC721C026B7E63400AA6B37 /* LoadingCircleColors.swift */,
				4EC721BD26B7E63300AA6B37 /* LoadingCircleFlip.swift */,
				4EC721BC26B7E63300AA6B37 /* LoadingCircleGradual.swift */,
				4EC721C126B7E63400AA6B37 /* LoadingCircleOpacity.swift */,
				4EC721C326B7E63400AA6B37 /* LoadingCubeOffset.swift */,
				4EC721BE26B7E63400AA6B37 /* LoadingView.swift */,
			);
			path = loodingview;
			sourceTree = "<group>";
		};
		4EF4848826B930A5006747AD /* Messages */ = {
			isa = PBXGroup;
			children = (
				4E10A52A26B91B9A00504746 /* HomeMessagesTopView.swift */,
				4E10A52826B91B7400504746 /* MessageRowView.swift */,
			);
			path = Messages;
			sourceTree = "<group>";
		};
		4EF4848926B930AE006747AD /* chat */ = {
			isa = PBXGroup;
			children = (
				4EF1CAE926B956F6007A9DC6 /* SHomeChat.swift */,
				4EF4848A26B930B9006747AD /* HomeChat.swift */,
				4EF4848E26B93152006747AD /* HomeChatTopView.swift */,
			);
			path = chat;
			sourceTree = "<group>";
		};
		4EF4849026B93208006747AD /* chat */ = {
			isa = PBXGroup;
			children = (
				4EF4849126B9320D006747AD /* ChatBubble.swift */,
				4EF4849326B932C4006747AD /* BubbleArrow.swift */,
				4EF1CAE126B94E8C007A9DC6 /* ChatBoxMessagesView.swift */,
				4EF1CAE326B94F3D007A9DC6 /* DynamicHeightTextField.swift */,
				4EF1CAE526B94F7E007A9DC6 /* KeyboardEmojiView.swift */,
				4EF1CAE726B94FA1007A9DC6 /* SecondAdaptsToSoftwareKeyboard.swift */,
			);
			path = chat;
			sourceTree = "<group>";
		};
/* End PBXGroup section */

/* Begin PBXNativeTarget section */
		4E729D7C26B7AE3900036056 /* AqarZellos */ = {
			isa = PBXNativeTarget;
			buildConfigurationList = 4E729D8C26B7AE3B00036056 /* Build configuration list for PBXNativeTarget "AqarZellos" */;
			buildPhases = (
				4E729D7926B7AE3900036056 /* Sources */,
				4E729D7A26B7AE3900036056 /* Frameworks */,
				4E729D7B26B7AE3900036056 /* Resources */,
			);
			buildRules = (
			);
			dependencies = (
			);
			name = AqarZellos;
			productName = AqarZellos;
			productReference = 4E729D7D26B7AE3900036056 /* AqarZellos.app */;
			productType = "com.apple.product-type.application";
		};
/* End PBXNativeTarget section */

/* Begin PBXProject section */
		4E729D7526B7AE3900036056 /* Project object */ = {
			isa = PBXProject;
			attributes = {
				LastSwiftUpdateCheck = 1250;
				LastUpgradeCheck = 1250;
				TargetAttributes = {
					4E729D7C26B7AE3900036056 = {
						CreatedOnToolsVersion = 12.5;
					};
				};
			};
			buildConfigurationList = 4E729D7826B7AE3900036056 /* Build configuration list for PBXProject "AqarZellos" */;
			compatibilityVersion = "Xcode 9.3";
			developmentRegion = en;
			hasScannedForEncodings = 0;
			knownRegions = (
				en,
				Base,
			);
			mainGroup = 4E729D7426B7AE3900036056;
			productRefGroup = 4E729D7E26B7AE3900036056 /* Products */;
			projectDirPath = "";
			projectRoot = "";
			targets = (
				4E729D7C26B7AE3900036056 /* AqarZellos */,
			);
		};
/* End PBXProject section */

/* Begin PBXResourcesBuildPhase section */
		4E729D7B26B7AE3900036056 /* Resources */ = {
			isa = PBXResourcesBuildPhase;
			buildActionMask = 2147483647;
			files = (
				4E729D8826B7AE3B00036056 /* Preview Assets.xcassets in Resources */,
				4E729D8526B7AE3B00036056 /* Assets.xcassets in Resources */,
			);
			runOnlyForDeploymentPostprocessing = 0;
		};
/* End PBXResourcesBuildPhase section */

/* Begin PBXSourcesBuildPhase section */
		4E729D7926B7AE3900036056 /* Sources */ = {
			isa = PBXSourcesBuildPhase;
			buildActionMask = 2147483647;
			files = (
				4E063B8F26B98CF4008BCDA7 /* PostRowView.swift in Sources */,
				4EC721C826B7E63400AA6B37 /* LoadingCircleColors.swift in Sources */,
				4EC4E86B26B81DFC00832ABF /* HomeHelpTopView.swift in Sources */,
				4EBDD36526BA4BBF0094DB44 /* HomeFilterViewModel.swift in Sources */,
				4E95763126B9092300A0D8D1 /* HomenotificationsTopView.swift in Sources */,
				4E10A52526B91A8400504746 /* HomeMessagesViewModel.swift in Sources */,
				4E729DA126B7AF0600036056 /* AppDelegate.swift in Sources */,
				4EB65B1926B965C600B93DBF /* ProfileImgCoverRowView.swift in Sources */,
				4E0B59DB26B7C32900639D36 /* HomeLogSignViewModel.swift in Sources */,
				4E063B8B26B98C00008BCDA7 /* HomeShowProfilePosts.swift in Sources */,
				4E729D9B26B7AEBC00036056 /* hideKeyboard.swift in Sources */,
				4EBDD36126BA4B3E0094DB44 /* DropdownButton.swift in Sources */,
				4EC721BA26B7E2ED00AA6B37 /* ForgetView.swift in Sources */,
				4E063B9226B98FB6008BCDA7 /* ProfileDetailsView.swift in Sources */,
				4E10A52026B914D500504746 /* HomePostTopView.swift in Sources */,
				4EF4848F26B93152006747AD /* HomeChatTopView.swift in Sources */,
				4E52ED5826B80B8A004E0881 /* CustomCorners.swift in Sources */,
				4E95762C26B9074900A0D8D1 /* NotifyModek.swift in Sources */,
				4E10A52B26B91B9A00504746 /* HomeMessagesTopView.swift in Sources */,
				4EBDD35A26BA4A070094DB44 /* HomeFilter.swift in Sources */,
				4EB65B1426B9645900B93DBF /* HomeEditTopView.swift in Sources */,
				4EC721C626B7E63400AA6B37 /* LoadingView.swift in Sources */,
				4E063B8826B985BF008BCDA7 /* HomeShowProfileViewModel.swift in Sources */,
				4EC721C926B7E63400AA6B37 /* LoadingCircleOpacity.swift in Sources */,
				4EF1CAE826B94FA1007A9DC6 /* SecondAdaptsToSoftwareKeyboard.swift in Sources */,
				4E95762826B9070A00A0D8D1 /* Homenotifications.swift in Sources */,
				4E063B8D26B98C92008BCDA7 /* PostModel.swift in Sources */,
				4E10A52326B91A6000504746 /* HomeMessages.swift in Sources */,
				4EBDD36326BA4B3E0094DB44 /* SampleDropDown.swift in Sources */,
				4E10A51E26B9149000504746 /* HomePost.swift in Sources */,
				4EBDD36226BA4B3E0094DB44 /* DropDownGroup.swift in Sources */,
				4E52ED5426B8088F004E0881 /* HomeSettingsRowView.swift in Sources */,
				4EF4849226B9320D006747AD /* ChatBubble.swift in Sources */,
				4E95762A26B9072D00A0D8D1 /* HomenotificationsViewModel.swift in Sources */,
				4E729D9D26B7AED000036056 /* EX_View.swift in Sources */,
				4E729D9F26B7AEE000036056 /* ex_Image.swift in Sources */,
				4E0B59DE26B7C43C00639D36 /* TFWithBorder.swift in Sources */,
				4EC4E86F26B8204F00832ABF /* HomeContactUsTopView.swift in Sources */,
				4EC4E86D26B8200C00832ABF /* HomeContactUs.swift in Sources */,
				4EF1CAEA26B956F6007A9DC6 /* SHomeChat.swift in Sources */,
				4E0B59E026B7C9E600639D36 /* LoginView.swift in Sources */,
				4E063B8426B98537008BCDA7 /* HomeShowProfile.swift in Sources */,
				4E729D8326B7AE3900036056 /* ContentView.swift in Sources */,
				4EF1CAE626B94F7E007A9DC6 /* KeyboardEmojiView.swift in Sources */,
				4EF1CAE226B94E8C007A9DC6 /* ChatBoxMessagesView.swift in Sources */,
				4E10A52726B91AA500504746 /* MessageModel.swift in Sources */,
				4EC721CB26B7E63400AA6B37 /* LoadingCubeOffset.swift in Sources */,
				4E0B59E226B7CA3F00639D36 /* SignUpView.swift in Sources */,
				4E52ED5226B80801004E0881 /* HomeSettingsTopView.swift in Sources */,
				4EC721CA26B7E63400AA6B37 /* LoadingCapsuleSpacing.swift in Sources */,
				4E0B59D826B7C2FE00639D36 /* HomeLogSign.swift in Sources */,
				4E10A52926B91B7400504746 /* MessageRowView.swift in Sources */,
				4E95762E26B907C700A0D8D1 /* NotfyRowView.swift in Sources */,
				4EB65B1726B964D000B93DBF /* ProfileImgRowView.swift in Sources */,
				4EF4848D26B930D8006747AD /* HomeChatViewModel.swift in Sources */,
				4EF4848B26B930B9006747AD /* HomeChat.swift in Sources */,
				4EC721C426B7E63400AA6B37 /* LoadingCircleGradual.swift in Sources */,
				4EF4849426B932C4006747AD /* BubbleArrow.swift in Sources */,
				4EB65B0F26B9640D00B93DBF /* HomeEdit.swift in Sources */,
				4E729D9726B7AE7D00036056 /* HomeWelcome.swift in Sources */,
				4EF1CAE426B94F3D007A9DC6 /* DynamicHeightTextField.swift in Sources */,
				4EC721C526B7E63400AA6B37 /* LoadingCircleFlip.swift in Sources */,
				4EB65B1226B9643200B93DBF /* HomeEditViewModel.swift in Sources */,
				4E52ED5026B807BE004E0881 /* HomeSettings.swift in Sources */,
				4E52ED4426B80205004E0881 /* HomeFavorites.swift in Sources */,
				4EB65B1D26B96B9700B93DBF /* SUImagePickerView.swift in Sources */,
				4E729D8126B7AE3900036056 /* AqarZellosApp.swift in Sources */,
				4E52ED4A26B8037C004E0881 /* HomeFavoritesTopView.swift in Sources */,
				4E52ED4826B80287004E0881 /* FavoriteModel.swift in Sources */,
				4EC4E86926B81DD000832ABF /* HomeHelp.swift in Sources */,
				4E52ED4C26B804AC004E0881 /* FavRowView.swift in Sources */,
				4EC721C726B7E63400AA6B37 /* ActivityIndicator.swift in Sources */,
				4E729D9926B7AEAA00036056 /* Extensions_ui.swift in Sources */,
				4EB65B1B26B9663000B93DBF /* ProfileMainRowView.swift in Sources */,
				4E52ED4626B80262004E0881 /* HomeFavoritesViewModel.swift in Sources */,
				4EBDD35C26BA4A540094DB44 /* HomeFilterTopView.swift in Sources */,
				4EBDD36726BA4BDD0094DB44 /* viewModifiers.swift in Sources */,
				4EBDD36926BA4DAD0094DB44 /* AddMinusView.swift in Sources */,
			);
			runOnlyForDeploymentPostprocessing = 0;
		};
/* End PBXSourcesBuildPhase section */

/* Begin XCBuildConfiguration section */
		4E729D8A26B7AE3B00036056 /* Debug */ = {
			isa = XCBuildConfiguration;
			buildSettings = {
				ALWAYS_SEARCH_USER_PATHS = NO;
				CLANG_ANALYZER_NONNULL = YES;
				CLANG_ANALYZER_NUMBER_OBJECT_CONVERSION = YES_AGGRESSIVE;
				CLANG_CXX_LANGUAGE_STANDARD = "gnu++14";
				CLANG_CXX_LIBRARY = "libc++";
				CLANG_ENABLE_MODULES = YES;
				CLANG_ENABLE_OBJC_ARC = YES;
				CLANG_ENABLE_OBJC_WEAK = YES;
				CLANG_WARN_BLOCK_CAPTURE_AUTORELEASING = YES;
				CLANG_WARN_BOOL_CONVERSION = YES;
				CLANG_WARN_COMMA = YES;
				CLANG_WARN_CONSTANT_CONVERSION = YES;
				CLANG_WARN_DEPRECATED_OBJC_IMPLEMENTATIONS = YES;
				CLANG_WARN_DIRECT_OBJC_ISA_USAGE = YES_ERROR;
				CLANG_WARN_DOCUMENTATION_COMMENTS = YES;
				CLANG_WARN_EMPTY_BODY = YES;
				CLANG_WARN_ENUM_CONVERSION = YES;
				CLANG_WARN_INFINITE_RECURSION = YES;
				CLANG_WARN_INT_CONVERSION = YES;
				CLANG_WARN_NON_LITERAL_NULL_CONVERSION = YES;
				CLANG_WARN_OBJC_IMPLICIT_RETAIN_SELF = YES;
				CLANG_WARN_OBJC_LITERAL_CONVERSION = YES;
				CLANG_WARN_OBJC_ROOT_CLASS = YES_ERROR;
				CLANG_WARN_QUOTED_INCLUDE_IN_FRAMEWORK_HEADER = YES;
				CLANG_WARN_RANGE_LOOP_ANALYSIS = YES;
				CLANG_WARN_STRICT_PROTOTYPES = YES;
				CLANG_WARN_SUSPICIOUS_MOVE = YES;
				CLANG_WARN_UNGUARDED_AVAILABILITY = YES_AGGRESSIVE;
				CLANG_WARN_UNREACHABLE_CODE = YES;
				CLANG_WARN__DUPLICATE_METHOD_MATCH = YES;
				COPY_PHASE_STRIP = NO;
				DEBUG_INFORMATION_FORMAT = dwarf;
				ENABLE_STRICT_OBJC_MSGSEND = YES;
				ENABLE_TESTABILITY = YES;
				GCC_C_LANGUAGE_STANDARD = gnu11;
				GCC_DYNAMIC_NO_PIC = NO;
				GCC_NO_COMMON_BLOCKS = YES;
				GCC_OPTIMIZATION_LEVEL = 0;
				GCC_PREPROCESSOR_DEFINITIONS = (
					"DEBUG=1",
					"$(inherited)",
				);
				GCC_WARN_64_TO_32_BIT_CONVERSION = YES;
				GCC_WARN_ABOUT_RETURN_TYPE = YES_ERROR;
				GCC_WARN_UNDECLARED_SELECTOR = YES;
				GCC_WARN_UNINITIALIZED_AUTOS = YES_AGGRESSIVE;
				GCC_WARN_UNUSED_FUNCTION = YES;
				GCC_WARN_UNUSED_VARIABLE = YES;
				IPHONEOS_DEPLOYMENT_TARGET = 14.5;
				MTL_ENABLE_DEBUG_INFO = INCLUDE_SOURCE;
				MTL_FAST_MATH = YES;
				ONLY_ACTIVE_ARCH = YES;
				SDKROOT = iphoneos;
				SWIFT_ACTIVE_COMPILATION_CONDITIONS = DEBUG;
				SWIFT_OPTIMIZATION_LEVEL = "-Onone";
			};
			name = Debug;
		};
		4E729D8B26B7AE3B00036056 /* Release */ = {
			isa = XCBuildConfiguration;
			buildSettings = {
				ALWAYS_SEARCH_USER_PATHS = NO;
				CLANG_ANALYZER_NONNULL = YES;
				CLANG_ANALYZER_NUMBER_OBJECT_CONVERSION = YES_AGGRESSIVE;
				CLANG_CXX_LANGUAGE_STANDARD = "gnu++14";
				CLANG_CXX_LIBRARY = "libc++";
				CLANG_ENABLE_MODULES = YES;
				CLANG_ENABLE_OBJC_ARC = YES;
				CLANG_ENABLE_OBJC_WEAK = YES;
				CLANG_WARN_BLOCK_CAPTURE_AUTORELEASING = YES;
				CLANG_WARN_BOOL_CONVERSION = YES;
				CLANG_WARN_COMMA = YES;
				CLANG_WARN_CONSTANT_CONVERSION = YES;
				CLANG_WARN_DEPRECATED_OBJC_IMPLEMENTATIONS = YES;
				CLANG_WARN_DIRECT_OBJC_ISA_USAGE = YES_ERROR;
				CLANG_WARN_DOCUMENTATION_COMMENTS = YES;
				CLANG_WARN_EMPTY_BODY = YES;
				CLANG_WARN_ENUM_CONVERSION = YES;
				CLANG_WARN_INFINITE_RECURSION = YES;
				CLANG_WARN_INT_CONVERSION = YES;
				CLANG_WARN_NON_LITERAL_NULL_CONVERSION = YES;
				CLANG_WARN_OBJC_IMPLICIT_RETAIN_SELF = YES;
				CLANG_WARN_OBJC_LITERAL_CONVERSION = YES;
				CLANG_WARN_OBJC_ROOT_CLASS = YES_ERROR;
				CLANG_WARN_QUOTED_INCLUDE_IN_FRAMEWORK_HEADER = YES;
				CLANG_WARN_RANGE_LOOP_ANALYSIS = YES;
				CLANG_WARN_STRICT_PROTOTYPES = YES;
				CLANG_WARN_SUSPICIOUS_MOVE = YES;
				CLANG_WARN_UNGUARDED_AVAILABILITY = YES_AGGRESSIVE;
				CLANG_WARN_UNREACHABLE_CODE = YES;
				CLANG_WARN__DUPLICATE_METHOD_MATCH = YES;
				COPY_PHASE_STRIP = NO;
				DEBUG_INFORMATION_FORMAT = "dwarf-with-dsym";
				ENABLE_NS_ASSERTIONS = NO;
				ENABLE_STRICT_OBJC_MSGSEND = YES;
				GCC_C_LANGUAGE_STANDARD = gnu11;
				GCC_NO_COMMON_BLOCKS = YES;
				GCC_WARN_64_TO_32_BIT_CONVERSION = YES;
				GCC_WARN_ABOUT_RETURN_TYPE = YES_ERROR;
				GCC_WARN_UNDECLARED_SELECTOR = YES;
				GCC_WARN_UNINITIALIZED_AUTOS = YES_AGGRESSIVE;
				GCC_WARN_UNUSED_FUNCTION = YES;
				GCC_WARN_UNUSED_VARIABLE = YES;
				IPHONEOS_DEPLOYMENT_TARGET = 14.5;
				MTL_ENABLE_DEBUG_INFO = NO;
				MTL_FAST_MATH = YES;
				SDKROOT = iphoneos;
				SWIFT_COMPILATION_MODE = wholemodule;
				SWIFT_OPTIMIZATION_LEVEL = "-O";
				VALIDATE_PRODUCT = YES;
			};
			name = Release;
		};
		4E729D8D26B7AE3B00036056 /* Debug */ = {
			isa = XCBuildConfiguration;
			buildSettings = {
				ASSETCATALOG_COMPILER_APPICON_NAME = AppIcon;
				ASSETCATALOG_COMPILER_GLOBAL_ACCENT_COLOR_NAME = AccentColor;
				CODE_SIGN_STYLE = Automatic;
				DEVELOPMENT_ASSET_PATHS = "\"AqarZellos/Preview Content\"";
				DEVELOPMENT_TEAM = 5RTZJMVRS2;
				ENABLE_PREVIEWS = YES;
				INFOPLIST_FILE = AqarZellos/Info.plist;
				IPHONEOS_DEPLOYMENT_TARGET = 14.0;
				LD_RUNPATH_SEARCH_PATHS = (
					"$(inherited)",
					"@executable_path/Frameworks",
				);
				PRODUCT_BUNDLE_IDENTIFIER = com.hosam.net.AqarZellos;
				PRODUCT_NAME = "$(TARGET_NAME)";
				SWIFT_VERSION = 5.0;
				TARGETED_DEVICE_FAMILY = "1,2";
			};
			name = Debug;
		};
		4E729D8E26B7AE3B00036056 /* Release */ = {
			isa = XCBuildConfiguration;
			buildSettings = {
				ASSETCATALOG_COMPILER_APPICON_NAME = AppIcon;
				ASSETCATALOG_COMPILER_GLOBAL_ACCENT_COLOR_NAME = AccentColor;
				CODE_SIGN_STYLE = Automatic;
				DEVELOPMENT_ASSET_PATHS = "\"AqarZellos/Preview Content\"";
				DEVELOPMENT_TEAM = 5RTZJMVRS2;
				ENABLE_PREVIEWS = YES;
				INFOPLIST_FILE = AqarZellos/Info.plist;
				IPHONEOS_DEPLOYMENT_TARGET = 14.0;
				LD_RUNPATH_SEARCH_PATHS = (
					"$(inherited)",
					"@executable_path/Frameworks",
				);
				PRODUCT_BUNDLE_IDENTIFIER = com.hosam.net.AqarZellos;
				PRODUCT_NAME = "$(TARGET_NAME)";
				SWIFT_VERSION = 5.0;
				TARGETED_DEVICE_FAMILY = "1,2";
			};
			name = Release;
		};
/* End XCBuildConfiguration section */

/* Begin XCConfigurationList section */
		4E729D7826B7AE3900036056 /* Build configuration list for PBXProject "AqarZellos" */ = {
			isa = XCConfigurationList;
			buildConfigurations = (
				4E729D8A26B7AE3B00036056 /* Debug */,
				4E729D8B26B7AE3B00036056 /* Release */,
			);
			defaultConfigurationIsVisible = 0;
			defaultConfigurationName = Release;
		};
		4E729D8C26B7AE3B00036056 /* Build configuration list for PBXNativeTarget "AqarZellos" */ = {
			isa = XCConfigurationList;
			buildConfigurations = (
				4E729D8D26B7AE3B00036056 /* Debug */,
				4E729D8E26B7AE3B00036056 /* Release */,
			);
			defaultConfigurationIsVisible = 0;
			defaultConfigurationName = Release;
		};
/* End XCConfigurationList section */
	};
	rootObject = 4E729D7526B7AE3900036056 /* Project object */;
}
